
Microsoft Visual Studio Solution File, Format Version 12.00
# Visual Studio Version 17
VisualStudioVersion = 17.7.34024.191
MinimumVisualStudioVersion = 10.0.40219.1
Project("{FAE04EC0-301F-11D3-BF4B-00C04F79EFBC}") = "AsposeLetters", "AsposeLetters\AsposeLetters.csproj", "{9E786A68-CF4A-4DE5-9FD1-CBD2248ADD69}"
EndProject
Global
	GlobalSection(SolutionConfigurationPlatforms) = preSolution
		Debug|Any CPU = Debug|Any CPU
		Release|Any CPU = Release|Any CPU
	EndGlobalSection
	GlobalSection(ProjectConfigurationPlatforms) = postSolution
		{9E786A68-CF4A-4DE5-9FD1-CBD2248ADD69}.Debug|Any CPU.ActiveCfg = Debug|Any CPU
		{9E786A68-CF4A-4DE5-9FD1-CBD2248ADD69}.Debug|Any CPU.Build.0 = Debug|Any CPU
		{9E786A68-CF4A-4DE5-9FD1-CBD2248ADD69}.Release|Any CPU.ActiveCfg = Release|Any CPU
		{9E786A68-CF4A-4DE5-9FD1-CBD2248ADD69}.Release|Any CPU.Build.0 = Release|Any CPU
	EndGlobalSection
	GlobalSection(SolutionProperties) = preSolution
		HideSolutionNode = FALSE
	EndGlobalSection
	GlobalSection(ExtensibilityGlobals) = postSolution
		SolutionGuid = {391ED7B0-DF46-4CAB-8E53-BE1A7204BAE1}
	EndGlobalSection
EndGlobal
